
Microsoft Visual Studio Solution File, Format Version 12.00
# Visual Studio Version 17
VisualStudioVersion = 17.0.31903.59
MinimumVisualStudioVersion = 10.0.40219.1
Project("{FAE04EC0-301F-11D3-BF4B-00C04F79EFBC}") = "Queens", "Queens\Queens.csproj", "{FC007BBF-73D0-455A-9421-AE0C229CB81F}"
EndProject
Global
	GlobalSection(SolutionConfigurationPlatforms) = preSolution
		Debug|Any CPU = Debug|Any CPU
		Release|Any CPU = Release|Any CPU
	EndGlobalSection
	GlobalSection(ProjectConfigurationPlatforms) = postSolution
		{FC007BBF-73D0-455A-9421-AE0C229CB81F}.Debug|Any CPU.ActiveCfg = Debug|Any CPU
		{FC007BBF-73D0-455A-9421-AE0C229CB81F}.Debug|Any CPU.Build.0 = Debug|Any CPU
		{FC007BBF-73D0-455A-9421-AE0C229CB81F}.Release|Any CPU.ActiveCfg = Release|Any CPU
		{FC007BBF-73D0-455A-9421-AE0C229CB81F}.Release|Any CPU.Build.0 = Release|Any CPU
	EndGlobalSection
	GlobalSection(SolutionProperties) = preSolution
		HideSolutionNode = FALSE
	EndGlobalSection
	GlobalSection(ExtensibilityGlobals) = postSolution
		SolutionGuid = {64823B31-E55A-4161-A349-3D42010D8282}
	EndGlobalSection
EndGlobal
